
Microsoft Visual Studio Solution File, Format Version 12.00
# Visual Studio Version 17
VisualStudioVersion = 17.3.32929.385
MinimumVisualStudioVersion = 10.0.40219.1
Project("{FAE04EC0-301F-11D3-BF4B-00C04F79EFBC}") = "ConsoleApp40", "ConsoleApp40\ConsoleApp40.csproj", "{5DCC4A0E-3F4B-4F0C-A5A5-F54BCC4C29F4}"
EndProject
Global
	GlobalSection(SolutionConfigurationPlatforms) = preSolution
		Debug|Any CPU = Debug|Any CPU
		Release|Any CPU = Release|Any CPU
	EndGlobalSection
	GlobalSection(ProjectConfigurationPlatforms) = postSolution
		{5DCC4A0E-3F4B-4F0C-A5A5-F54BCC4C29F4}.Debug|Any CPU.ActiveCfg = Debug|Any CPU
		{5DCC4A0E-3F4B-4F0C-A5A5-F54BCC4C29F4}.Debug|Any CPU.Build.0 = Debug|Any CPU
		{5DCC4A0E-3F4B-4F0C-A5A5-F54BCC4C29F4}.Release|Any CPU.ActiveCfg = Release|Any CPU
		{5DCC4A0E-3F4B-4F0C-A5A5-F54BCC4C29F4}.Release|Any CPU.Build.0 = Release|Any CPU
	EndGlobalSection
	GlobalSection(SolutionProperties) = preSolution
		HideSolutionNode = FALSE
	EndGlobalSection
	GlobalSection(ExtensibilityGlobals) = postSolution
		SolutionGuid = {8C800276-4231-40A5-ADEE-3465B87D36DD}
	EndGlobalSection
EndGlobal
